
Microsoft Visual Studio Solution File, Format Version 12.00
# Visual Studio Version 17
VisualStudioVersion = 17.2.32516.85
MinimumVisualStudioVersion = 10.0.40219.1
Project("{9A19103F-16F7-4668-BE54-9A1E7A4F7556}") = "CsharpConsole", "CsharpConsole.csproj", "{767F6203-3189-4011-95A9-C477F8E7CE98}"
EndProject
Project("{2150E333-8FDC-42A3-9474-1A3956D46DE8}") = "Solution Items", "Solution Items", "{1B96DFAA-302A-424E-B971-9E216E2CD596}"
	ProjectSection(SolutionItems) = preProject
		.editorconfig = .editorconfig
	EndProjectSection
EndProject
Project("{FAE04EC0-301F-11D3-BF4B-00C04F79EFBC}") = "ConsoleApp1", "..\ConsoleApp1\ConsoleApp1.csproj", "{69FB1A73-A92F-417E-B273-74ED6B9138E9}"
EndProject
Global
	GlobalSection(SolutionConfigurationPlatforms) = preSolution
		Debug|Any CPU = Debug|Any CPU
		Release|Any CPU = Release|Any CPU
	EndGlobalSection
	GlobalSection(ProjectConfigurationPlatforms) = postSolution
		{767F6203-3189-4011-95A9-C477F8E7CE98}.Debug|Any CPU.ActiveCfg = Debug|Any CPU
		{767F6203-3189-4011-95A9-C477F8E7CE98}.Debug|Any CPU.Build.0 = Debug|Any CPU
		{767F6203-3189-4011-95A9-C477F8E7CE98}.Release|Any CPU.ActiveCfg = Release|Any CPU
		{767F6203-3189-4011-95A9-C477F8E7CE98}.Release|Any CPU.Build.0 = Release|Any CPU
		{69FB1A73-A92F-417E-B273-74ED6B9138E9}.Debug|Any CPU.ActiveCfg = Debug|Any CPU
		{69FB1A73-A92F-417E-B273-74ED6B9138E9}.Debug|Any CPU.Build.0 = Debug|Any CPU
		{69FB1A73-A92F-417E-B273-74ED6B9138E9}.Release|Any CPU.ActiveCfg = Release|Any CPU
		{69FB1A73-A92F-417E-B273-74ED6B9138E9}.Release|Any CPU.Build.0 = Release|Any CPU
	EndGlobalSection
	GlobalSection(SolutionProperties) = preSolution
		HideSolutionNode = FALSE
	EndGlobalSection
	GlobalSection(ExtensibilityGlobals) = postSolution
		SolutionGuid = {AA498C12-02CE-476C-86B2-4B2E3D0FD7B7}
	EndGlobalSection
EndGlobal
